{
  "name": "woqi-weather",
  "version": "1.0.0",
  "lockfileVersion": 1,
  "requires": true,
  "dependencies": {
    "china-city-weather": {
      "version": "1.0.1",
      "resolved": "https://registry.npmjs.org/china-city-weather/-/china-city-weather-1.0.1.tgz",
      "integrity": "sha1-+Im1/LjhBijb0TFz8jNXKtUUzHo="
    }
  }
}
